// !$*UTF8*$!
{
	archiveVersion = 1;
	classes = {
	};
	objectVersion = 56;
	objects = {

/* Begin PBXBuildFile section */
		F15F2289296F03A500F3394B /* AppDelegate.swift in Sources */ = {isa = PBXBuildFile; fileRef = F15F2288296F03A500F3394B /* AppDelegate.swift */; };
		F15F228B296F03A500F3394B /* SceneDelegate.swift in Sources */ = {isa = PBXBuildFile; fileRef = F15F228A296F03A500F3394B /* SceneDelegate.swift */; };
		F15F2290296F03A500F3394B /* Main.storyboard in Resources */ = {isa = PBXBuildFile; fileRef = F15F228E296F03A500F3394B /* Main.storyboard */; };
		F15F2292296F03AE00F3394B /* Assets.xcassets in Resources */ = {isa = PBXBuildFile; fileRef = F15F2291296F03AE00F3394B /* Assets.xcassets */; };
		F15F2295296F03AE00F3394B /* LaunchScreen.storyboard in Resources */ = {isa = PBXBuildFile; fileRef = F15F2293296F03AE00F3394B /* LaunchScreen.storyboard */; };
		F15F22A1296F062B00F3394B /* UIColorExt.swift in Sources */ = {isa = PBXBuildFile; fileRef = F15F22A0296F062B00F3394B /* UIColorExt.swift */; };
		F15F22A3296F0E6700F3394B /* TasksListTVC.swift in Sources */ = {isa = PBXBuildFile; fileRef = F15F22A2296F0E6700F3394B /* TasksListTVC.swift */; };
		F15F22A6296F164E00F3394B /* Realm in Frameworks */ = {isa = PBXBuildFile; productRef = F15F22A5296F164E00F3394B /* Realm */; };
		F15F22A8296F164E00F3394B /* RealmSwift in Frameworks */ = {isa = PBXBuildFile; productRef = F15F22A7296F164E00F3394B /* RealmSwift */; };
		F15F22AC296F200A00F3394B /* TasksListModel.swift in Sources */ = {isa = PBXBuildFile; fileRef = F15F22AB296F200A00F3394B /* TasksListModel.swift */; };
		F15F22AE296F20A700F3394B /* ListModel.swift in Sources */ = {isa = PBXBuildFile; fileRef = F15F22AD296F20A700F3394B /* ListModel.swift */; };
		F15F22B0296F276100F3394B /* StorageManager.swift in Sources */ = {isa = PBXBuildFile; fileRef = F15F22AF296F276100F3394B /* StorageManager.swift */; };
		F1FB2FF429743EED006C0E49 /* UIViewControllerExt.swift in Sources */ = {isa = PBXBuildFile; fileRef = F1FB2FF329743EED006C0E49 /* UIViewControllerExt.swift */; };
		F1FB2FF62974451F006C0E49 /* TasksTVC.swift in Sources */ = {isa = PBXBuildFile; fileRef = F1FB2FF52974451F006C0E49 /* TasksTVC.swift */; };
		F1FB2FF829745893006C0E49 /* TasksTVCExt.swift in Sources */ = {isa = PBXBuildFile; fileRef = F1FB2FF729745893006C0E49 /* TasksTVCExt.swift */; };
		F1FB2FFA297482C3006C0E49 /* UITableViewCellExt.swift in Sources */ = {isa = PBXBuildFile; fileRef = F1FB2FF9297482C3006C0E49 /* UITableViewCellExt.swift */; };
		F1FB2FFC2975D8E2006C0E49 /* TasksTVCFlow.swift in Sources */ = {isa = PBXBuildFile; fileRef = F1FB2FFB2975D8E2006C0E49 /* TasksTVCFlow.swift */; };
		F1FB2FFE2975E636006C0E49 /* TasksListTVCExt.swift in Sources */ = {isa = PBXBuildFile; fileRef = F1FB2FFD2975E636006C0E49 /* TasksListTVCExt.swift */; };
		F1FB30022975EBB1006C0E49 /* TasksListTVCFlow.swift in Sources */ = {isa = PBXBuildFile; fileRef = F1FB30012975EBB1006C0E49 /* TasksListTVCFlow.swift */; };
/* End PBXBuildFile section */

/* Begin PBXFileReference section */
		F15F2285296F03A500F3394B /* RealmApp.app */ = {isa = PBXFileReference; explicitFileType = wrapper.application; includeInIndex = 0; path = RealmApp.app; sourceTree = BUILT_PRODUCTS_DIR; };
		F15F2288296F03A500F3394B /* AppDelegate.swift */ = {isa = PBXFileReference; lastKnownFileType = sourcecode.swift; path = AppDelegate.swift; sourceTree = "<group>"; };
		F15F228A296F03A500F3394B /* SceneDelegate.swift */ = {isa = PBXFileReference; lastKnownFileType = sourcecode.swift; path = SceneDelegate.swift; sourceTree = "<group>"; };
		F15F228F296F03A500F3394B /* Base */ = {isa = PBXFileReference; lastKnownFileType = file.storyboard; name = Base; path = Base.lproj/Main.storyboard; sourceTree = "<group>"; };
		F15F2291296F03AE00F3394B /* Assets.xcassets */ = {isa = PBXFileReference; lastKnownFileType = folder.assetcatalog; path = Assets.xcassets; sourceTree = "<group>"; };
		F15F2294296F03AE00F3394B /* Base */ = {isa = PBXFileReference; lastKnownFileType = file.storyboard; name = Base; path = Base.lproj/LaunchScreen.storyboard; sourceTree = "<group>"; };
		F15F2296296F03AE00F3394B /* Info.plist */ = {isa = PBXFileReference; lastKnownFileType = text.plist.xml; path = Info.plist; sourceTree = "<group>"; };
		F15F22A0296F062B00F3394B /* UIColorExt.swift */ = {isa = PBXFileReference; lastKnownFileType = sourcecode.swift; path = UIColorExt.swift; sourceTree = "<group>"; };
		F15F22A2296F0E6700F3394B /* TasksListTVC.swift */ = {isa = PBXFileReference; lastKnownFileType = sourcecode.swift; path = TasksListTVC.swift; sourceTree = "<group>"; };
		F15F22AB296F200A00F3394B /* TasksListModel.swift */ = {isa = PBXFileReference; lastKnownFileType = sourcecode.swift; path = TasksListModel.swift; sourceTree = "<group>"; };
		F15F22AD296F20A700F3394B /* ListModel.swift */ = {isa = PBXFileReference; lastKnownFileType = sourcecode.swift; path = ListModel.swift; sourceTree = "<group>"; };
		F15F22AF296F276100F3394B /* StorageManager.swift */ = {isa = PBXFileReference; lastKnownFileType = sourcecode.swift; path = StorageManager.swift; sourceTree = "<group>"; };
		F1FB2FF329743EED006C0E49 /* UIViewControllerExt.swift */ = {isa = PBXFileReference; lastKnownFileType = sourcecode.swift; path = UIViewControllerExt.swift; sourceTree = "<group>"; };
		F1FB2FF52974451F006C0E49 /* TasksTVC.swift */ = {isa = PBXFileReference; lastKnownFileType = sourcecode.swift; path = TasksTVC.swift; sourceTree = "<group>"; };
		F1FB2FF729745893006C0E49 /* TasksTVCExt.swift */ = {isa = PBXFileReference; lastKnownFileType = sourcecode.swift; path = TasksTVCExt.swift; sourceTree = "<group>"; };
		F1FB2FF9297482C3006C0E49 /* UITableViewCellExt.swift */ = {isa = PBXFileReference; lastKnownFileType = sourcecode.swift; path = UITableViewCellExt.swift; sourceTree = "<group>"; };
		F1FB2FFB2975D8E2006C0E49 /* TasksTVCFlow.swift */ = {isa = PBXFileReference; lastKnownFileType = sourcecode.swift; path = TasksTVCFlow.swift; sourceTree = "<group>"; };
		F1FB2FFD2975E636006C0E49 /* TasksListTVCExt.swift */ = {isa = PBXFileReference; lastKnownFileType = sourcecode.swift; path = TasksListTVCExt.swift; sourceTree = "<group>"; };
		F1FB30012975EBB1006C0E49 /* TasksListTVCFlow.swift */ = {isa = PBXFileReference; lastKnownFileType = sourcecode.swift; path = TasksListTVCFlow.swift; sourceTree = "<group>"; };
/* End PBXFileReference section */

/* Begin PBXFrameworksBuildPhase section */
		F15F2282296F03A500F3394B /* Frameworks */ = {
			isa = PBXFrameworksBuildPhase;
			buildActionMask = 2147483647;
			files = (
				F15F22A8296F164E00F3394B /* RealmSwift in Frameworks */,
				F15F22A6296F164E00F3394B /* Realm in Frameworks */,
			);
			runOnlyForDeploymentPostprocessing = 0;
		};
/* End PBXFrameworksBuildPhase section */

/* Begin PBXGroup section */
		F15F227C296F03A500F3394B = {
			isa = PBXGroup;
			children = (
				F15F2287296F03A500F3394B /* RealmApp */,
				F15F2286296F03A500F3394B /* Products */,
			);
			sourceTree = "<group>";
		};
		F15F2286296F03A500F3394B /* Products */ = {
			isa = PBXGroup;
			children = (
				F15F2285296F03A500F3394B /* RealmApp.app */,
			);
			name = Products;
			sourceTree = "<group>";
		};
		F15F2287296F03A500F3394B /* RealmApp */ = {
			isa = PBXGroup;
			children = (
				F15F229F296F061700F3394B /* Extensions */,
				F15F22AA296F1C4400F3394B /* Managers */,
				F15F22A9296F1C3A00F3394B /* Models */,
				F15F229D296F052800F3394B /* Views */,
				F15F229E296F052F00F3394B /* Controllers */,
				F15F2291296F03AE00F3394B /* Assets.xcassets */,
				F15F229C296F051400F3394B /* AppDelegates */,
				F15F2296296F03AE00F3394B /* Info.plist */,
			);
			path = RealmApp;
			sourceTree = "<group>";
		};
		F15F229C296F051400F3394B /* AppDelegates */ = {
			isa = PBXGroup;
			children = (
				F15F2288296F03A500F3394B /* AppDelegate.swift */,
				F15F228A296F03A500F3394B /* SceneDelegate.swift */,
			);
			path = AppDelegates;
			sourceTree = "<group>";
		};
		F15F229D296F052800F3394B /* Views */ = {
			isa = PBXGroup;
			children = (
				F15F228E296F03A500F3394B /* Main.storyboard */,
				F15F2293296F03AE00F3394B /* LaunchScreen.storyboard */,
			);
			path = Views;
			sourceTree = "<group>";
		};
		F15F229E296F052F00F3394B /* Controllers */ = {
			isa = PBXGroup;
			children = (
				F15F22A2296F0E6700F3394B /* TasksListTVC.swift */,
				F1FB2FF52974451F006C0E49 /* TasksTVC.swift */,
			);
			path = Controllers;
			sourceTree = "<group>";
		};
		F15F229F296F061700F3394B /* Extensions */ = {
			isa = PBXGroup;
			children = (
				F15F22A0296F062B00F3394B /* UIColorExt.swift */,
				F1FB2FF329743EED006C0E49 /* UIViewControllerExt.swift */,
				F1FB2FF729745893006C0E49 /* TasksTVCExt.swift */,
				F1FB2FF9297482C3006C0E49 /* UITableViewCellExt.swift */,
				F1FB2FFD2975E636006C0E49 /* TasksListTVCExt.swift */,
			);
			path = Extensions;
			sourceTree = "<group>";
		};
		F15F22A9296F1C3A00F3394B /* Models */ = {
			isa = PBXGroup;
			children = (
				F15F22AB296F200A00F3394B /* TasksListModel.swift */,
				F15F22AD296F20A700F3394B /* ListModel.swift */,
				F1FB2FFB2975D8E2006C0E49 /* TasksTVCFlow.swift */,
				F1FB30012975EBB1006C0E49 /* TasksListTVCFlow.swift */,
			);
			path = Models;
			sourceTree = "<group>";
		};
		F15F22AA296F1C4400F3394B /* Managers */ = {
			isa = PBXGroup;
			children = (
				F15F22AF296F276100F3394B /* StorageManager.swift */,
			);
			path = Managers;
			sourceTree = "<group>";
		};
/* End PBXGroup section */

/* Begin PBXNativeTarget section */
		F15F2284296F03A500F3394B /* RealmApp */ = {
			isa = PBXNativeTarget;
			buildConfigurationList = F15F2299296F03AE00F3394B /* Build configuration list for PBXNativeTarget "RealmApp" */;
			buildPhases = (
				F15F2281296F03A500F3394B /* Sources */,
				F15F2282296F03A500F3394B /* Frameworks */,
				F15F2283296F03A500F3394B /* Resources */,
			);
			buildRules = (
			);
			dependencies = (
			);
			name = RealmApp;
			packageProductDependencies = (
				F15F22A5296F164E00F3394B /* Realm */,
				F15F22A7296F164E00F3394B /* RealmSwift */,
			);
			productName = RealmApp;
			productReference = F15F2285296F03A500F3394B /* RealmApp.app */;
			productType = "com.apple.product-type.application";
		};
/* End PBXNativeTarget section */

/* Begin PBXProject section */
		F15F227D296F03A500F3394B /* Project object */ = {
			isa = PBXProject;
			attributes = {
				BuildIndependentTargetsInParallel = 1;
				LastSwiftUpdateCheck = 1420;
				LastUpgradeCheck = 1420;
				TargetAttributes = {
					F15F2284296F03A500F3394B = {
						CreatedOnToolsVersion = 14.2;
					};
				};
			};
			buildConfigurationList = F15F2280296F03A500F3394B /* Build configuration list for PBXProject "RealmApp" */;
			compatibilityVersion = "Xcode 14.0";
			developmentRegion = en;
			hasScannedForEncodings = 0;
			knownRegions = (
				en,
				Base,
			);
			mainGroup = F15F227C296F03A500F3394B;
			packageReferences = (
				F15F22A4296F164E00F3394B /* XCRemoteSwiftPackageReference "realm-swift" */,
			);
			productRefGroup = F15F2286296F03A500F3394B /* Products */;
			projectDirPath = "";
			projectRoot = "";
			targets = (
				F15F2284296F03A500F3394B /* RealmApp */,
			);
		};
/* End PBXProject section */

/* Begin PBXResourcesBuildPhase section */
		F15F2283296F03A500F3394B /* Resources */ = {
			isa = PBXResourcesBuildPhase;
			buildActionMask = 2147483647;
			files = (
				F15F2295296F03AE00F3394B /* LaunchScreen.storyboard in Resources */,
				F15F2292296F03AE00F3394B /* Assets.xcassets in Resources */,
				F15F2290296F03A500F3394B /* Main.storyboard in Resources */,
			);
			runOnlyForDeploymentPostprocessing = 0;
		};
/* End PBXResourcesBuildPhase section */

/* Begin PBXSourcesBuildPhase section */
		F15F2281296F03A500F3394B /* Sources */ = {
			isa = PBXSourcesBuildPhase;
			buildActionMask = 2147483647;
			files = (
				F1FB2FFC2975D8E2006C0E49 /* TasksTVCFlow.swift in Sources */,
				F15F22A3296F0E6700F3394B /* TasksListTVC.swift in Sources */,
				F15F2289296F03A500F3394B /* AppDelegate.swift in Sources */,
				F1FB2FFA297482C3006C0E49 /* UITableViewCellExt.swift in Sources */,
				F1FB2FF429743EED006C0E49 /* UIViewControllerExt.swift in Sources */,
				F15F22AC296F200A00F3394B /* TasksListModel.swift in Sources */,
				F1FB2FF829745893006C0E49 /* TasksTVCExt.swift in Sources */,
				F15F22B0296F276100F3394B /* StorageManager.swift in Sources */,
				F15F22AE296F20A700F3394B /* ListModel.swift in Sources */,
				F15F22A1296F062B00F3394B /* UIColorExt.swift in Sources */,
				F1FB30022975EBB1006C0E49 /* TasksListTVCFlow.swift in Sources */,
				F1FB2FFE2975E636006C0E49 /* TasksListTVCExt.swift in Sources */,
				F15F228B296F03A500F3394B /* SceneDelegate.swift in Sources */,
				F1FB2FF62974451F006C0E49 /* TasksTVC.swift in Sources */,
			);
			runOnlyForDeploymentPostprocessing = 0;
		};
/* End PBXSourcesBuildPhase section */

/* Begin PBXVariantGroup section */
		F15F228E296F03A500F3394B /* Main.storyboard */ = {
			isa = PBXVariantGroup;
			children = (
				F15F228F296F03A500F3394B /* Base */,
			);
			name = Main.storyboard;
			sourceTree = "<group>";
		};
		F15F2293296F03AE00F3394B /* LaunchScreen.storyboard */ = {
			isa = PBXVariantGroup;
			children = (
				F15F2294296F03AE00F3394B /* Base */,
			);
			name = LaunchScreen.storyboard;
			sourceTree = "<group>";
		};
/* End PBXVariantGroup section */

/* Begin XCBuildConfiguration section */
		F15F2297296F03AE00F3394B /* Debug */ = {
			isa = XCBuildConfiguration;
			buildSettings = {
				ALWAYS_SEARCH_USER_PATHS = NO;
				CLANG_ANALYZER_NONNULL = YES;
				CLANG_ANALYZER_NUMBER_OBJECT_CONVERSION = YES_AGGRESSIVE;
				CLANG_CXX_LANGUAGE_STANDARD = "gnu++20";
				CLANG_ENABLE_MODULES = YES;
				CLANG_ENABLE_OBJC_ARC = YES;
				CLANG_ENABLE_OBJC_WEAK = YES;
				CLANG_WARN_BLOCK_CAPTURE_AUTORELEASING = YES;
				CLANG_WARN_BOOL_CONVERSION = YES;
				CLANG_WARN_COMMA = YES;
				CLANG_WARN_CONSTANT_CONVERSION = YES;
				CLANG_WARN_DEPRECATED_OBJC_IMPLEMENTATIONS = YES;
				CLANG_WARN_DIRECT_OBJC_ISA_USAGE = YES_ERROR;
				CLANG_WARN_DOCUMENTATION_COMMENTS = YES;
				CLANG_WARN_EMPTY_BODY = YES;
				CLANG_WARN_ENUM_CONVERSION = YES;
				CLANG_WARN_INFINITE_RECURSION = YES;
				CLANG_WARN_INT_CONVERSION = YES;
				CLANG_WARN_NON_LITERAL_NULL_CONVERSION = YES;
				CLANG_WARN_OBJC_IMPLICIT_RETAIN_SELF = YES;
				CLANG_WARN_OBJC_LITERAL_CONVERSION = YES;
				CLANG_WARN_OBJC_ROOT_CLASS = YES_ERROR;
				CLANG_WARN_QUOTED_INCLUDE_IN_FRAMEWORK_HEADER = YES;
				CLANG_WARN_RANGE_LOOP_ANALYSIS = YES;
				CLANG_WARN_STRICT_PROTOTYPES = YES;
				CLANG_WARN_SUSPICIOUS_MOVE = YES;
				CLANG_WARN_UNGUARDED_AVAILABILITY = YES_AGGRESSIVE;
				CLANG_WARN_UNREACHABLE_CODE = YES;
				CLANG_WARN__DUPLICATE_METHOD_MATCH = YES;
				COPY_PHASE_STRIP = NO;
				DEBUG_INFORMATION_FORMAT = dwarf;
				ENABLE_STRICT_OBJC_MSGSEND = YES;
				ENABLE_TESTABILITY = YES;
				GCC_C_LANGUAGE_STANDARD = gnu11;
				GCC_DYNAMIC_NO_PIC = NO;
				GCC_NO_COMMON_BLOCKS = YES;
				GCC_OPTIMIZATION_LEVEL = 0;
				GCC_PREPROCESSOR_DEFINITIONS = (
					"DEBUG=1",
					"$(inherited)",
				);
				GCC_WARN_64_TO_32_BIT_CONVERSION = YES;
				GCC_WARN_ABOUT_RETURN_TYPE = YES_ERROR;
				GCC_WARN_UNDECLARED_SELECTOR = YES;
				GCC_WARN_UNINITIALIZED_AUTOS = YES_AGGRESSIVE;
				GCC_WARN_UNUSED_FUNCTION = YES;
				GCC_WARN_UNUSED_VARIABLE = YES;
				IPHONEOS_DEPLOYMENT_TARGET = 16.2;
				MTL_ENABLE_DEBUG_INFO = INCLUDE_SOURCE;
				MTL_FAST_MATH = YES;
				ONLY_ACTIVE_ARCH = YES;
				SDKROOT = iphoneos;
				SWIFT_ACTIVE_COMPILATION_CONDITIONS = DEBUG;
				SWIFT_OPTIMIZATION_LEVEL = "-Onone";
			};
			name = Debug;
		};
		F15F2298296F03AE00F3394B /* Release */ = {
			isa = XCBuildConfiguration;
			buildSettings = {
				ALWAYS_SEARCH_USER_PATHS = NO;
				CLANG_ANALYZER_NONNULL = YES;
				CLANG_ANALYZER_NUMBER_OBJECT_CONVERSION = YES_AGGRESSIVE;
				CLANG_CXX_LANGUAGE_STANDARD = "gnu++20";
				CLANG_ENABLE_MODULES = YES;
				CLANG_ENABLE_OBJC_ARC = YES;
				CLANG_ENABLE_OBJC_WEAK = YES;
				CLANG_WARN_BLOCK_CAPTURE_AUTORELEASING = YES;
				CLANG_WARN_BOOL_CONVERSION = YES;
				CLANG_WARN_COMMA = YES;
				CLANG_WARN_CONSTANT_CONVERSION = YES;
				CLANG_WARN_DEPRECATED_OBJC_IMPLEMENTATIONS = YES;
				CLANG_WARN_DIRECT_OBJC_ISA_USAGE = YES_ERROR;
				CLANG_WARN_DOCUMENTATION_COMMENTS = YES;
				CLANG_WARN_EMPTY_BODY = YES;
				CLANG_WARN_ENUM_CONVERSION = YES;
				CLANG_WARN_INFINITE_RECURSION = YES;
				CLANG_WARN_INT_CONVERSION = YES;
				CLANG_WARN_NON_LITERAL_NULL_CONVERSION = YES;
				CLANG_WARN_OBJC_IMPLICIT_RETAIN_SELF = YES;
				CLANG_WARN_OBJC_LITERAL_CONVERSION = YES;
				CLANG_WARN_OBJC_ROOT_CLASS = YES_ERROR;
				CLANG_WARN_QUOTED_INCLUDE_IN_FRAMEWORK_HEADER = YES;
				CLANG_WARN_RANGE_LOOP_ANALYSIS = YES;
				CLANG_WARN_STRICT_PROTOTYPES = YES;
				CLANG_WARN_SUSPICIOUS_MOVE = YES;
				CLANG_WARN_UNGUARDED_AVAILABILITY = YES_AGGRESSIVE;
				CLANG_WARN_UNREACHABLE_CODE = YES;
				CLANG_WARN__DUPLICATE_METHOD_MATCH = YES;
				COPY_PHASE_STRIP = NO;
				DEBUG_INFORMATION_FORMAT = "dwarf-with-dsym";
				ENABLE_NS_ASSERTIONS = NO;
				ENABLE_STRICT_OBJC_MSGSEND = YES;
				GCC_C_LANGUAGE_STANDARD = gnu11;
				GCC_NO_COMMON_BLOCKS = YES;
				GCC_WARN_64_TO_32_BIT_CONVERSION = YES;
				GCC_WARN_ABOUT_RETURN_TYPE = YES_ERROR;
				GCC_WARN_UNDECLARED_SELECTOR = YES;
				GCC_WARN_UNINITIALIZED_AUTOS = YES_AGGRESSIVE;
				GCC_WARN_UNUSED_FUNCTION = YES;
				GCC_WARN_UNUSED_VARIABLE = YES;
				IPHONEOS_DEPLOYMENT_TARGET = 16.2;
				MTL_ENABLE_DEBUG_INFO = NO;
				MTL_FAST_MATH = YES;
				SDKROOT = iphoneos;
				SWIFT_COMPILATION_MODE = wholemodule;
				SWIFT_OPTIMIZATION_LEVEL = "-O";
				VALIDATE_PRODUCT = YES;
			};
			name = Release;
		};
		F15F229A296F03AE00F3394B /* Debug */ = {
			isa = XCBuildConfiguration;
			buildSettings = {
				ASSETCATALOG_COMPILER_APPICON_NAME = AppIcon;
				ASSETCATALOG_COMPILER_GLOBAL_ACCENT_COLOR_NAME = AccentColor;
				CODE_SIGN_STYLE = Automatic;
				CURRENT_PROJECT_VERSION = 1;
				DEVELOPMENT_TEAM = 5RP4RS5KAM;
				GENERATE_INFOPLIST_FILE = YES;
				INFOPLIST_FILE = RealmApp/Info.plist;
				INFOPLIST_KEY_UIApplicationSupportsIndirectInputEvents = YES;
				INFOPLIST_KEY_UILaunchStoryboardName = LaunchScreen;
				INFOPLIST_KEY_UIMainStoryboardFile = Main;
				INFOPLIST_KEY_UISupportedInterfaceOrientations_iPad = "UIInterfaceOrientationPortrait UIInterfaceOrientationPortraitUpsideDown UIInterfaceOrientationLandscapeLeft UIInterfaceOrientationLandscapeRight";
				INFOPLIST_KEY_UISupportedInterfaceOrientations_iPhone = "UIInterfaceOrientationPortrait UIInterfaceOrientationLandscapeLeft UIInterfaceOrientationLandscapeRight";
				LD_RUNPATH_SEARCH_PATHS = (
					"$(inherited)",
					"@executable_path/Frameworks",
				);
				MARKETING_VERSION = 1.0;
				PRODUCT_BUNDLE_IDENTIFIER = cpp.RealmApp;
				PRODUCT_NAME = "$(TARGET_NAME)";
				SWIFT_EMIT_LOC_STRINGS = YES;
				SWIFT_VERSION = 5.0;
				TARGETED_DEVICE_FAMILY = "1,2";
			};
			name = Debug;
		};
		F15F229B296F03AE00F3394B /* Release */ = {
			isa = XCBuildConfiguration;
			buildSettings = {
				ASSETCATALOG_COMPILER_APPICON_NAME = AppIcon;
				ASSETCATALOG_COMPILER_GLOBAL_ACCENT_COLOR_NAME = AccentColor;
				CODE_SIGN_STYLE = Automatic;
				CURRENT_PROJECT_VERSION = 1;
				DEVELOPMENT_TEAM = 5RP4RS5KAM;
				GENERATE_INFOPLIST_FILE = YES;
				INFOPLIST_FILE = RealmApp/Info.plist;
				INFOPLIST_KEY_UIApplicationSupportsIndirectInputEvents = YES;
				INFOPLIST_KEY_UILaunchStoryboardName = LaunchScreen;
				INFOPLIST_KEY_UIMainStoryboardFile = Main;
				INFOPLIST_KEY_UISupportedInterfaceOrientations_iPad = "UIInterfaceOrientationPortrait UIInterfaceOrientationPortraitUpsideDown UIInterfaceOrientationLandscapeLeft UIInterfaceOrientationLandscapeRight";
				INFOPLIST_KEY_UISupportedInterfaceOrientations_iPhone = "UIInterfaceOrientationPortrait UIInterfaceOrientationLandscapeLeft UIInterfaceOrientationLandscapeRight";
				LD_RUNPATH_SEARCH_PATHS = (
					"$(inherited)",
					"@executable_path/Frameworks",
				);
				MARKETING_VERSION = 1.0;
				PRODUCT_BUNDLE_IDENTIFIER = cpp.RealmApp;
				PRODUCT_NAME = "$(TARGET_NAME)";
				SWIFT_EMIT_LOC_STRINGS = YES;
				SWIFT_VERSION = 5.0;
				TARGETED_DEVICE_FAMILY = "1,2";
			};
			name = Release;
		};
/* End XCBuildConfiguration section */

/* Begin XCConfigurationList section */
		F15F2280296F03A500F3394B /* Build configuration list for PBXProject "RealmApp" */ = {
			isa = XCConfigurationList;
			buildConfigurations = (
				F15F2297296F03AE00F3394B /* Debug */,
				F15F2298296F03AE00F3394B /* Release */,
			);
			defaultConfigurationIsVisible = 0;
			defaultConfigurationName = Release;
		};
		F15F2299296F03AE00F3394B /* Build configuration list for PBXNativeTarget "RealmApp" */ = {
			isa = XCConfigurationList;
			buildConfigurations = (
				F15F229A296F03AE00F3394B /* Debug */,
				F15F229B296F03AE00F3394B /* Release */,
			);
			defaultConfigurationIsVisible = 0;
			defaultConfigurationName = Release;
		};
/* End XCConfigurationList section */

/* Begin XCRemoteSwiftPackageReference section */
		F15F22A4296F164E00F3394B /* XCRemoteSwiftPackageReference "realm-swift" */ = {
			isa = XCRemoteSwiftPackageReference;
			repositoryURL = "https://github.com/realm/realm-swift.git";
			requirement = {
				kind = upToNextMajorVersion;
				minimumVersion = 10.33.0;
			};
		};
/* End XCRemoteSwiftPackageReference section */

/* Begin XCSwiftPackageProductDependency section */
		F15F22A5296F164E00F3394B /* Realm */ = {
			isa = XCSwiftPackageProductDependency;
			package = F15F22A4296F164E00F3394B /* XCRemoteSwiftPackageReference "realm-swift" */;
			productName = Realm;
		};
		F15F22A7296F164E00F3394B /* RealmSwift */ = {
			isa = XCSwiftPackageProductDependency;
			package = F15F22A4296F164E00F3394B /* XCRemoteSwiftPackageReference "realm-swift" */;
			productName = RealmSwift;
		};
/* End XCSwiftPackageProductDependency section */
	};
	rootObject = F15F227D296F03A500F3394B /* Project object */;
}
